// !$*UTF8*$!
{
	archiveVersion = 1;
	classes = {
	};
	objectVersion = 51;
	objects = {

/* Begin PBXBuildFile section */
		184F67F9245ACD3300DB3034 /* TopTabBarVC.swift in Sources */ = {isa = PBXBuildFile; fileRef = 184F67F8245ACD3300DB3034 /* TopTabBarVC.swift */; };
		184F67FB245ACD9C00DB3034 /* FavoritesVC.swift in Sources */ = {isa = PBXBuildFile; fileRef = 184F67FA245ACD9C00DB3034 /* FavoritesVC.swift */; };
		184F67FD245AF06200DB3034 /* close.png in Resources */ = {isa = PBXBuildFile; fileRef = 184F67FC245AF06200DB3034 /* close.png */; };
		184F6800245AFC6A00DB3034 /* RFavCharacter.swift in Sources */ = {isa = PBXBuildFile; fileRef = 184F67FF245AFC6A00DB3034 /* RFavCharacter.swift */; };
		184F6802245B01BB00DB3034 /* DatabaseHandler.swift in Sources */ = {isa = PBXBuildFile; fileRef = 184F6801245B01BB00DB3034 /* DatabaseHandler.swift */; };
		184F6805245B064400DB3034 /* like.png in Resources */ = {isa = PBXBuildFile; fileRef = 184F6803245B064300DB3034 /* like.png */; };
		184F6808245B0C4100DB3034 /* unlike.png in Resources */ = {isa = PBXBuildFile; fileRef = 184F6807245B0C4100DB3034 /* unlike.png */; };
		184F680A245B1ADE00DB3034 /* FavoritesVM.swift in Sources */ = {isa = PBXBuildFile; fileRef = 184F6809245B1ADE00DB3034 /* FavoritesVM.swift */; };
		184F680C245B216D00DB3034 /* FavCell.xib in Resources */ = {isa = PBXBuildFile; fileRef = 184F680B245B216D00DB3034 /* FavCell.xib */; };
		184F680E245B227100DB3034 /* FavCell.swift in Sources */ = {isa = PBXBuildFile; fileRef = 184F680D245B227100DB3034 /* FavCell.swift */; };
		184F6812245B258200DB3034 /* EpisodeCell.xib in Resources */ = {isa = PBXBuildFile; fileRef = 184F6811245B258200DB3034 /* EpisodeCell.xib */; };
		184F6814245B2D2C00DB3034 /* EventsHelper.swift in Sources */ = {isa = PBXBuildFile; fileRef = 184F6813245B2D2C00DB3034 /* EventsHelper.swift */; };
		184F6816245C287500DB3034 /* ScrollViewExtension.swift in Sources */ = {isa = PBXBuildFile; fileRef = 184F6815245C287500DB3034 /* ScrollViewExtension.swift */; };
		184F6818245C30C700DB3034 /* giphy.gif in Resources */ = {isa = PBXBuildFile; fileRef = 184F6817245C30C700DB3034 /* giphy.gif */; };
		18BF1112245985F100B239DF /* AppDelegate.swift in Sources */ = {isa = PBXBuildFile; fileRef = 18BF1111245985F100B239DF /* AppDelegate.swift */; };
		18BF1114245985F100B239DF /* SceneDelegate.swift in Sources */ = {isa = PBXBuildFile; fileRef = 18BF1113245985F100B239DF /* SceneDelegate.swift */; };
		18BF1116245985F100B239DF /* ChatacterVC.swift in Sources */ = {isa = PBXBuildFile; fileRef = 18BF1115245985F100B239DF /* ChatacterVC.swift */; };
		18BF1119245985F100B239DF /* Main.storyboard in Resources */ = {isa = PBXBuildFile; fileRef = 18BF1117245985F100B239DF /* Main.storyboard */; };
		18BF111B245985F300B239DF /* Assets.xcassets in Resources */ = {isa = PBXBuildFile; fileRef = 18BF111A245985F300B239DF /* Assets.xcassets */; };
		18BF111E245985F300B239DF /* LaunchScreen.storyboard in Resources */ = {isa = PBXBuildFile; fileRef = 18BF111C245985F300B239DF /* LaunchScreen.storyboard */; };
		18BF11272459882D00B239DF /* bg.jpg in Resources */ = {isa = PBXBuildFile; fileRef = 18BF11262459882D00B239DF /* bg.jpg */; };
		18BF11292459892800B239DF /* logo.png in Resources */ = {isa = PBXBuildFile; fileRef = 18BF11282459892800B239DF /* logo.png */; };
		18BF112C245989F100B239DF /* JCharacter.swift in Sources */ = {isa = PBXBuildFile; fileRef = 18BF112B245989F100B239DF /* JCharacter.swift */; };
		18BF112E24598C3700B239DF /* JOrigin.swift in Sources */ = {isa = PBXBuildFile; fileRef = 18BF112D24598C3700B239DF /* JOrigin.swift */; };
		18BF113324598EB200B239DF /* CharacterWebService.swift in Sources */ = {isa = PBXBuildFile; fileRef = 18BF113224598EB200B239DF /* CharacterWebService.swift */; };
		18BF113524598F7400B239DF /* WebServices.swift in Sources */ = {isa = PBXBuildFile; fileRef = 18BF113424598F7400B239DF /* WebServices.swift */; };
		18BF113724598FC100B239DF /* JResponse.swift in Sources */ = {isa = PBXBuildFile; fileRef = 18BF113624598FC100B239DF /* JResponse.swift */; };
		18BF11392459974900B239DF /* JLocation.swift in Sources */ = {isa = PBXBuildFile; fileRef = 18BF11382459974900B239DF /* JLocation.swift */; };
		18BF113D245998DD00B239DF /* MyURLs.swift in Sources */ = {isa = PBXBuildFile; fileRef = 18BF113C245998DD00B239DF /* MyURLs.swift */; };
		18BF11412459A06500B239DF /* JResCharacter.swift in Sources */ = {isa = PBXBuildFile; fileRef = 18BF11402459A06500B239DF /* JResCharacter.swift */; };
		18BF11452459A41500B239DF /* Character.xib in Resources */ = {isa = PBXBuildFile; fileRef = 18BF11442459A41500B239DF /* Character.xib */; };
		18BF11592459A70100B239DF /* Montserrat-Light.ttf in Resources */ = {isa = PBXBuildFile; fileRef = 18BF11472459A6FC00B239DF /* Montserrat-Light.ttf */; };
		18BF115A2459A70100B239DF /* Montserrat-ExtraBold.ttf in Resources */ = {isa = PBXBuildFile; fileRef = 18BF11482459A6FD00B239DF /* Montserrat-ExtraBold.ttf */; };
		18BF115B2459A70100B239DF /* Montserrat-Regular.ttf in Resources */ = {isa = PBXBuildFile; fileRef = 18BF11492459A6FD00B239DF /* Montserrat-Regular.ttf */; };
		18BF115C2459A70100B239DF /* Montserrat-Thin.ttf in Resources */ = {isa = PBXBuildFile; fileRef = 18BF114A2459A6FD00B239DF /* Montserrat-Thin.ttf */; };
		18BF115D2459A70100B239DF /* Montserrat-ExtraLightItalic.ttf in Resources */ = {isa = PBXBuildFile; fileRef = 18BF114B2459A6FD00B239DF /* Montserrat-ExtraLightItalic.ttf */; };
		18BF115E2459A70100B239DF /* Montserrat-Black.ttf in Resources */ = {isa = PBXBuildFile; fileRef = 18BF114C2459A6FD00B239DF /* Montserrat-Black.ttf */; };
		18BF115F2459A70100B239DF /* Montserrat-SemiBold.ttf in Resources */ = {isa = PBXBuildFile; fileRef = 18BF114D2459A6FE00B239DF /* Montserrat-SemiBold.ttf */; };
		18BF11602459A70100B239DF /* Montserrat-Bold.ttf in Resources */ = {isa = PBXBuildFile; fileRef = 18BF114E2459A6FE00B239DF /* Montserrat-Bold.ttf */; };
		18BF11612459A70100B239DF /* Montserrat-ExtraLight.ttf in Resources */ = {isa = PBXBuildFile; fileRef = 18BF114F2459A6FE00B239DF /* Montserrat-ExtraLight.ttf */; };
		18BF11622459A70100B239DF /* Montserrat-ExtraBoldItalic.ttf in Resources */ = {isa = PBXBuildFile; fileRef = 18BF11502459A6FE00B239DF /* Montserrat-ExtraBoldItalic.ttf */; };
		18BF11632459A70100B239DF /* Montserrat-SemiBoldItalic.ttf in Resources */ = {isa = PBXBuildFile; fileRef = 18BF11512459A6FF00B239DF /* Montserrat-SemiBoldItalic.ttf */; };
		18BF11642459A70100B239DF /* Montserrat-ThinItalic.ttf in Resources */ = {isa = PBXBuildFile; fileRef = 18BF11522459A6FF00B239DF /* Montserrat-ThinItalic.ttf */; };
		18BF11652459A70100B239DF /* Montserrat-Medium.ttf in Resources */ = {isa = PBXBuildFile; fileRef = 18BF11532459A6FF00B239DF /* Montserrat-Medium.ttf */; };
		18BF11662459A70100B239DF /* Montserrat-LightItalic.ttf in Resources */ = {isa = PBXBuildFile; fileRef = 18BF11542459A70000B239DF /* Montserrat-LightItalic.ttf */; };
		18BF11672459A70100B239DF /* Montserrat-Italic.ttf in Resources */ = {isa = PBXBuildFile; fileRef = 18BF11552459A70000B239DF /* Montserrat-Italic.ttf */; };
		18BF11682459A70100B239DF /* Montserrat-MediumItalic.ttf in Resources */ = {isa = PBXBuildFile; fileRef = 18BF11562459A70000B239DF /* Montserrat-MediumItalic.ttf */; };
		18BF11692459A70100B239DF /* Montserrat-BoldItalic.ttf in Resources */ = {isa = PBXBuildFile; fileRef = 18BF11572459A70000B239DF /* Montserrat-BoldItalic.ttf */; };
		18BF116A2459A70100B239DF /* Montserrat-BlackItalic.ttf in Resources */ = {isa = PBXBuildFile; fileRef = 18BF11582459A70000B239DF /* Montserrat-BlackItalic.ttf */; };
		18BF116E2459AE7100B239DF /* CharacterCell.swift in Sources */ = {isa = PBXBuildFile; fileRef = 18BF116D2459AE7100B239DF /* CharacterCell.swift */; };
		18BF11712459AF9A00B239DF /* ImageDownloader.swift in Sources */ = {isa = PBXBuildFile; fileRef = 18BF11702459AF9A00B239DF /* ImageDownloader.swift */; };
		18BF11732459B08900B239DF /* CharacterVM.swift in Sources */ = {isa = PBXBuildFile; fileRef = 18BF11722459B08900B239DF /* CharacterVM.swift */; };
		18BF11752459CBCD00B239DF /* JEpisode.swift in Sources */ = {isa = PBXBuildFile; fileRef = 18BF11742459CBCD00B239DF /* JEpisode.swift */; };
		18BF11772459CCD900B239DF /* EpisodeWebService.swift in Sources */ = {isa = PBXBuildFile; fileRef = 18BF11762459CCD900B239DF /* EpisodeWebService.swift */; };
		18BF117A2459D0AD00B239DF /* EpisodeVC.swift in Sources */ = {isa = PBXBuildFile; fileRef = 18BF11792459D0AD00B239DF /* EpisodeVC.swift */; };
		18BF117C2459D46300B239DF /* EpisodeCell.swift in Sources */ = {isa = PBXBuildFile; fileRef = 18BF117B2459D46300B239DF /* EpisodeCell.swift */; };
		18BF117F2459D87B00B239DF /* arrowUp.png in Resources */ = {isa = PBXBuildFile; fileRef = 18BF117D2459D87B00B239DF /* arrowUp.png */; };
		18BF11802459D87B00B239DF /* arrowDown.png in Resources */ = {isa = PBXBuildFile; fileRef = 18BF117E2459D87B00B239DF /* arrowDown.png */; };
		18BF11822459E17600B239DF /* LogoView.xib in Resources */ = {isa = PBXBuildFile; fileRef = 18BF11812459E17600B239DF /* LogoView.xib */; };
		18BF11842459E23900B239DF /* LoadViewFromNib.swift in Sources */ = {isa = PBXBuildFile; fileRef = 18BF11832459E23900B239DF /* LoadViewFromNib.swift */; };
		18BF11862459E42500B239DF /* Storyboards.swift in Sources */ = {isa = PBXBuildFile; fileRef = 18BF11852459E42500B239DF /* Storyboards.swift */; };
		18BF11882459E8CC00B239DF /* arrowLeft.png in Resources */ = {isa = PBXBuildFile; fileRef = 18BF11872459E8CC00B239DF /* arrowLeft.png */; };
		3DE0F9BC5A153733DDDBFC04 /* Pods_AwJeez_.framework in Frameworks */ = {isa = PBXBuildFile; fileRef = 0788030C90E88AF85E88F32D /* Pods_AwJeez_.framework */; };
/* End PBXBuildFile section */

/* Begin PBXFileReference section */
		0788030C90E88AF85E88F32D /* Pods_AwJeez_.framework */ = {isa = PBXFileReference; explicitFileType = wrapper.framework; includeInIndex = 0; path = Pods_AwJeez_.framework; sourceTree = BUILT_PRODUCTS_DIR; };
		0A9CA68EFF5A232D74CF0009 /* Pods-AwJeez!.debug.xcconfig */ = {isa = PBXFileReference; includeInIndex = 1; lastKnownFileType = text.xcconfig; name = "Pods-AwJeez!.debug.xcconfig"; path = "Target Support Files/Pods-AwJeez!/Pods-AwJeez!.debug.xcconfig"; sourceTree = "<group>"; };
		184F67F8245ACD3300DB3034 /* TopTabBarVC.swift */ = {isa = PBXFileReference; lastKnownFileType = sourcecode.swift; path = TopTabBarVC.swift; sourceTree = "<group>"; };
		184F67FA245ACD9C00DB3034 /* FavoritesVC.swift */ = {isa = PBXFileReference; lastKnownFileType = sourcecode.swift; path = FavoritesVC.swift; sourceTree = "<group>"; };
		184F67FC245AF06200DB3034 /* close.png */ = {isa = PBXFileReference; lastKnownFileType = image.png; path = close.png; sourceTree = "<group>"; };
		184F67FF245AFC6A00DB3034 /* RFavCharacter.swift */ = {isa = PBXFileReference; lastKnownFileType = sourcecode.swift; path = RFavCharacter.swift; sourceTree = "<group>"; };
		184F6801245B01BB00DB3034 /* DatabaseHandler.swift */ = {isa = PBXFileReference; lastKnownFileType = sourcecode.swift; path = DatabaseHandler.swift; sourceTree = "<group>"; };
		184F6803245B064300DB3034 /* like.png */ = {isa = PBXFileReference; lastKnownFileType = image.png; path = like.png; sourceTree = "<group>"; };
		184F6807245B0C4100DB3034 /* unlike.png */ = {isa = PBXFileReference; lastKnownFileType = image.png; path = unlike.png; sourceTree = "<group>"; };
		184F6809245B1ADE00DB3034 /* FavoritesVM.swift */ = {isa = PBXFileReference; lastKnownFileType = sourcecode.swift; path = FavoritesVM.swift; sourceTree = "<group>"; };
		184F680B245B216D00DB3034 /* FavCell.xib */ = {isa = PBXFileReference; lastKnownFileType = file.xib; path = FavCell.xib; sourceTree = "<group>"; };
		184F680D245B227100DB3034 /* FavCell.swift */ = {isa = PBXFileReference; lastKnownFileType = sourcecode.swift; path = FavCell.swift; sourceTree = "<group>"; };
		184F6811245B258200DB3034 /* EpisodeCell.xib */ = {isa = PBXFileReference; lastKnownFileType = file.xib; path = EpisodeCell.xib; sourceTree = "<group>"; };
		184F6813245B2D2C00DB3034 /* EventsHelper.swift */ = {isa = PBXFileReference; lastKnownFileType = sourcecode.swift; path = EventsHelper.swift; sourceTree = "<group>"; };
		184F6815245C287500DB3034 /* ScrollViewExtension.swift */ = {isa = PBXFileReference; lastKnownFileType = sourcecode.swift; path = ScrollViewExtension.swift; sourceTree = "<group>"; };
		184F6817245C30C700DB3034 /* giphy.gif */ = {isa = PBXFileReference; lastKnownFileType = image.gif; path = giphy.gif; sourceTree = "<group>"; };
		18BF110E245985F100B239DF /* AwJeez!.app */ = {isa = PBXFileReference; explicitFileType = wrapper.application; includeInIndex = 0; path = "AwJeez!.app"; sourceTree = BUILT_PRODUCTS_DIR; };
		18BF1111245985F100B239DF /* AppDelegate.swift */ = {isa = PBXFileReference; lastKnownFileType = sourcecode.swift; path = AppDelegate.swift; sourceTree = "<group>"; };
		18BF1113245985F100B239DF /* SceneDelegate.swift */ = {isa = PBXFileReference; lastKnownFileType = sourcecode.swift; path = SceneDelegate.swift; sourceTree = "<group>"; };
		18BF1115245985F100B239DF /* ChatacterVC.swift */ = {isa = PBXFileReference; lastKnownFileType = sourcecode.swift; path = ChatacterVC.swift; sourceTree = "<group>"; };
		18BF1118245985F100B239DF /* Base */ = {isa = PBXFileReference; lastKnownFileType = file.storyboard; name = Base; path = Base.lproj/Main.storyboard; sourceTree = "<group>"; };
		18BF111A245985F300B239DF /* Assets.xcassets */ = {isa = PBXFileReference; lastKnownFileType = folder.assetcatalog; path = Assets.xcassets; sourceTree = "<group>"; };
		18BF111D245985F300B239DF /* Base */ = {isa = PBXFileReference; lastKnownFileType = file.storyboard; name = Base; path = Base.lproj/LaunchScreen.storyboard; sourceTree = "<group>"; };
		18BF111F245985F300B239DF /* Info.plist */ = {isa = PBXFileReference; lastKnownFileType = text.plist.xml; path = Info.plist; sourceTree = "<group>"; };
		18BF11262459882D00B239DF /* bg.jpg */ = {isa = PBXFileReference; lastKnownFileType = image.jpeg; path = bg.jpg; sourceTree = "<group>"; };
		18BF11282459892800B239DF /* logo.png */ = {isa = PBXFileReference; lastKnownFileType = image.png; path = logo.png; sourceTree = "<group>"; };
		18BF112B245989F100B239DF /* JCharacter.swift */ = {isa = PBXFileReference; lastKnownFileType = sourcecode.swift; path = JCharacter.swift; sourceTree = "<group>"; };
		18BF112D24598C3700B239DF /* JOrigin.swift */ = {isa = PBXFileReference; lastKnownFileType = sourcecode.swift; path = JOrigin.swift; sourceTree = "<group>"; };
		18BF113224598EB200B239DF /* CharacterWebService.swift */ = {isa = PBXFileReference; lastKnownFileType = sourcecode.swift; path = CharacterWebService.swift; sourceTree = "<group>"; };
		18BF113424598F7400B239DF /* WebServices.swift */ = {isa = PBXFileReference; lastKnownFileType = sourcecode.swift; path = WebServices.swift; sourceTree = "<group>"; };
		18BF113624598FC100B239DF /* JResponse.swift */ = {isa = PBXFileReference; lastKnownFileType = sourcecode.swift; path = JResponse.swift; sourceTree = "<group>"; };
		18BF11382459974900B239DF /* JLocation.swift */ = {isa = PBXFileReference; lastKnownFileType = sourcecode.swift; path = JLocation.swift; sourceTree = "<group>"; };
		18BF113C245998DD00B239DF /* MyURLs.swift */ = {isa = PBXFileReference; lastKnownFileType = sourcecode.swift; path = MyURLs.swift; sourceTree = "<group>"; };
		18BF11402459A06500B239DF /* JResCharacter.swift */ = {isa = PBXFileReference; lastKnownFileType = sourcecode.swift; path = JResCharacter.swift; sourceTree = "<group>"; };
		18BF11442459A41500B239DF /* Character.xib */ = {isa = PBXFileReference; lastKnownFileType = file.xib; path = Character.xib; sourceTree = "<group>"; };
		18BF11472459A6FC00B239DF /* Montserrat-Light.ttf */ = {isa = PBXFileReference; lastKnownFileType = file; path = "Montserrat-Light.ttf"; sourceTree = "<group>"; };
		18BF11482459A6FD00B239DF /* Montserrat-ExtraBold.ttf */ = {isa = PBXFileReference; lastKnownFileType = file; path = "Montserrat-ExtraBold.ttf"; sourceTree = "<group>"; };
		18BF11492459A6FD00B239DF /* Montserrat-Regular.ttf */ = {isa = PBXFileReference; lastKnownFileType = file; path = "Montserrat-Regular.ttf"; sourceTree = "<group>"; };
		18BF114A2459A6FD00B239DF /* Montserrat-Thin.ttf */ = {isa = PBXFileReference; lastKnownFileType = file; path = "Montserrat-Thin.ttf"; sourceTree = "<group>"; };
		18BF114B2459A6FD00B239DF /* Montserrat-ExtraLightItalic.ttf */ = {isa = PBXFileReference; lastKnownFileType = file; path = "Montserrat-ExtraLightItalic.ttf"; sourceTree = "<group>"; };
		18BF114C2459A6FD00B239DF /* Montserrat-Black.ttf */ = {isa = PBXFileReference; lastKnownFileType = file; path = "Montserrat-Black.ttf"; sourceTree = "<group>"; };
		18BF114D2459A6FE00B239DF /* Montserrat-SemiBold.ttf */ = {isa = PBXFileReference; lastKnownFileType = file; path = "Montserrat-SemiBold.ttf"; sourceTree = "<group>"; };
		18BF114E2459A6FE00B239DF /* Montserrat-Bold.ttf */ = {isa = PBXFileReference; lastKnownFileType = file; path = "Montserrat-Bold.ttf"; sourceTree = "<group>"; };
		18BF114F2459A6FE00B239DF /* Montserrat-ExtraLight.ttf */ = {isa = PBXFileReference; lastKnownFileType = file; path = "Montserrat-ExtraLight.ttf"; sourceTree = "<group>"; };
		18BF11502459A6FE00B239DF /* Montserrat-ExtraBoldItalic.ttf */ = {isa = PBXFileReference; lastKnownFileType = file; path = "Montserrat-ExtraBoldItalic.ttf"; sourceTree = "<group>"; };
		18BF11512459A6FF00B239DF /* Montserrat-SemiBoldItalic.ttf */ = {isa = PBXFileReference; lastKnownFileType = file; path = "Montserrat-SemiBoldItalic.ttf"; sourceTree = "<group>"; };
		18BF11522459A6FF00B239DF /* Montserrat-ThinItalic.ttf */ = {isa = PBXFileReference; lastKnownFileType = file; path = "Montserrat-ThinItalic.ttf"; sourceTree = "<group>"; };
		18BF11532459A6FF00B239DF /* Montserrat-Medium.ttf */ = {isa = PBXFileReference; lastKnownFileType = file; path = "Montserrat-Medium.ttf"; sourceTree = "<group>"; };
		18BF11542459A70000B239DF /* Montserrat-LightItalic.ttf */ = {isa = PBXFileReference; lastKnownFileType = file; path = "Montserrat-LightItalic.ttf"; sourceTree = "<group>"; };
		18BF11552459A70000B239DF /* Montserrat-Italic.ttf */ = {isa = PBXFileReference; lastKnownFileType = file; path = "Montserrat-Italic.ttf"; sourceTree = "<group>"; };
		18BF11562459A70000B239DF /* Montserrat-MediumItalic.ttf */ = {isa = PBXFileReference; lastKnownFileType = file; path = "Montserrat-MediumItalic.ttf"; sourceTree = "<group>"; };
		18BF11572459A70000B239DF /* Montserrat-BoldItalic.ttf */ = {isa = PBXFileReference; lastKnownFileType = file; path = "Montserrat-BoldItalic.ttf"; sourceTree = "<group>"; };
		18BF11582459A70000B239DF /* Montserrat-BlackItalic.ttf */ = {isa = PBXFileReference; lastKnownFileType = file; path = "Montserrat-BlackItalic.ttf"; sourceTree = "<group>"; };
		18BF116D2459AE7100B239DF /* CharacterCell.swift */ = {isa = PBXFileReference; lastKnownFileType = sourcecode.swift; path = CharacterCell.swift; sourceTree = "<group>"; };
		18BF11702459AF9A00B239DF /* ImageDownloader.swift */ = {isa = PBXFileReference; lastKnownFileType = sourcecode.swift; path = ImageDownloader.swift; sourceTree = "<group>"; };
		18BF11722459B08900B239DF /* CharacterVM.swift */ = {isa = PBXFileReference; lastKnownFileType = sourcecode.swift; path = CharacterVM.swift; sourceTree = "<group>"; };
		18BF11742459CBCD00B239DF /* JEpisode.swift */ = {isa = PBXFileReference; lastKnownFileType = sourcecode.swift; path = JEpisode.swift; sourceTree = "<group>"; };
		18BF11762459CCD900B239DF /* EpisodeWebService.swift */ = {isa = PBXFileReference; lastKnownFileType = sourcecode.swift; path = EpisodeWebService.swift; sourceTree = "<group>"; };
		18BF11792459D0AD00B239DF /* EpisodeVC.swift */ = {isa = PBXFileReference; lastKnownFileType = sourcecode.swift; path = EpisodeVC.swift; sourceTree = "<group>"; };
		18BF117B2459D46300B239DF /* EpisodeCell.swift */ = {isa = PBXFileReference; lastKnownFileType = sourcecode.swift; path = EpisodeCell.swift; sourceTree = "<group>"; };
		18BF117D2459D87B00B239DF /* arrowUp.png */ = {isa = PBXFileReference; lastKnownFileType = image.png; path = arrowUp.png; sourceTree = "<group>"; };
		18BF117E2459D87B00B239DF /* arrowDown.png */ = {isa = PBXFileReference; lastKnownFileType = image.png; path = arrowDown.png; sourceTree = "<group>"; };
		18BF11812459E17600B239DF /* LogoView.xib */ = {isa = PBXFileReference; lastKnownFileType = file.xib; path = LogoView.xib; sourceTree = "<group>"; };
		18BF11832459E23900B239DF /* LoadViewFromNib.swift */ = {isa = PBXFileReference; lastKnownFileType = sourcecode.swift; path = LoadViewFromNib.swift; sourceTree = "<group>"; };
		18BF11852459E42500B239DF /* Storyboards.swift */ = {isa = PBXFileReference; lastKnownFileType = sourcecode.swift; path = Storyboards.swift; sourceTree = "<group>"; };
		18BF11872459E8CC00B239DF /* arrowLeft.png */ = {isa = PBXFileReference; lastKnownFileType = image.png; path = arrowLeft.png; sourceTree = "<group>"; };
		D310C6176E3360E918E4AF94 /* Pods-AwJeez!.release.xcconfig */ = {isa = PBXFileReference; includeInIndex = 1; lastKnownFileType = text.xcconfig; name = "Pods-AwJeez!.release.xcconfig"; path = "Target Support Files/Pods-AwJeez!/Pods-AwJeez!.release.xcconfig"; sourceTree = "<group>"; };
/* End PBXFileReference section */

/* Begin PBXFrameworksBuildPhase section */
		18BF110B245985F100B239DF /* Frameworks */ = {
			isa = PBXFrameworksBuildPhase;
			buildActionMask = 2147483647;
			files = (
				3DE0F9BC5A153733DDDBFC04 /* Pods_AwJeez_.framework in Frameworks */,
			);
			runOnlyForDeploymentPostprocessing = 0;
		};
/* End PBXFrameworksBuildPhase section */

/* Begin PBXGroup section */
		184F67F7245ACD1100DB3034 /* Favorites */ = {
			isa = PBXGroup;
			children = (
				184F67F8245ACD3300DB3034 /* TopTabBarVC.swift */,
				184F67FA245ACD9C00DB3034 /* FavoritesVC.swift */,
				184F6809245B1ADE00DB3034 /* FavoritesVM.swift */,
				184F680D245B227100DB3034 /* FavCell.swift */,
			);
			path = Favorites;
			sourceTree = "<group>";
		};
		184F67FE245AFC5300DB3034 /* DatabaseModel */ = {
			isa = PBXGroup;
			children = (
				184F67FF245AFC6A00DB3034 /* RFavCharacter.swift */,
			);
			path = DatabaseModel;
			sourceTree = "<group>";
		};
		184F680F245B256000DB3034 /* Favorites */ = {
			isa = PBXGroup;
			children = (
				184F680B245B216D00DB3034 /* FavCell.xib */,
			);
			path = Favorites;
			sourceTree = "<group>";
		};
		184F6810245B257000DB3034 /* Episodes */ = {
			isa = PBXGroup;
			children = (
				184F6811245B258200DB3034 /* EpisodeCell.xib */,
			);
			path = Episodes;
			sourceTree = "<group>";
		};
		18BF1105245985F100B239DF = {
			isa = PBXGroup;
			children = (
				18BF1110245985F100B239DF /* AwJeez! */,
				18BF110F245985F100B239DF /* Products */,
				C547628F6B331B0175E05CAD /* Pods */,
				C68C76A0B31C9B6677F20621 /* Frameworks */,
			);
			sourceTree = "<group>";
		};
		18BF110F245985F100B239DF /* Products */ = {
			isa = PBXGroup;
			children = (
				18BF110E245985F100B239DF /* AwJeez!.app */,
			);
			name = Products;
			sourceTree = "<group>";
		};
		18BF1110245985F100B239DF /* AwJeez! */ = {
			isa = PBXGroup;
			children = (
				18BF11422459A3EF00B239DF /* Views */,
				18BF113124598E9D00B239DF /* WebServices */,
				18BF112A245989E400B239DF /* Models */,
				18BF11252459881C00B239DF /* Resources */,
				18BF1111245985F100B239DF /* AppDelegate.swift */,
				18BF1113245985F100B239DF /* SceneDelegate.swift */,
				18BF1117245985F100B239DF /* Main.storyboard */,
				18BF111A245985F300B239DF /* Assets.xcassets */,
				18BF116B2459AE4A00B239DF /* Scenarios */,
				18BF111C245985F300B239DF /* LaunchScreen.storyboard */,
				18BF111F245985F300B239DF /* Info.plist */,
			);
			path = "AwJeez!";
			sourceTree = "<group>";
		};
		18BF11252459881C00B239DF /* Resources */ = {
			isa = PBXGroup;
			children = (
				18BF11462459A61D00B239DF /* Fonts */,
				18BF113B245998D300B239DF /* Constants */,
				18BF113A245998C700B239DF /* Images */,
			);
			path = Resources;
			sourceTree = "<group>";
		};
		18BF112A245989E400B239DF /* Models */ = {
			isa = PBXGroup;
			children = (
				184F67FE245AFC5300DB3034 /* DatabaseModel */,
				18BF112B245989F100B239DF /* JCharacter.swift */,
				18BF112D24598C3700B239DF /* JOrigin.swift */,
				18BF116F2459AF8300B239DF /* Helpers */,
				18BF113624598FC100B239DF /* JResponse.swift */,
				18BF11382459974900B239DF /* JLocation.swift */,
				18BF11402459A06500B239DF /* JResCharacter.swift */,
				18BF11742459CBCD00B239DF /* JEpisode.swift */,
			);
			path = Models;
			sourceTree = "<group>";
		};
		18BF113124598E9D00B239DF /* WebServices */ = {
			isa = PBXGroup;
			children = (
				18BF113224598EB200B239DF /* CharacterWebService.swift */,
				18BF113424598F7400B239DF /* WebServices.swift */,
				18BF11762459CCD900B239DF /* EpisodeWebService.swift */,
			);
			path = WebServices;
			sourceTree = "<group>";
		};
		18BF113A245998C700B239DF /* Images */ = {
			isa = PBXGroup;
			children = (
				184F6817245C30C700DB3034 /* giphy.gif */,
				184F6807245B0C4100DB3034 /* unlike.png */,
				184F6803245B064300DB3034 /* like.png */,
				184F67FC245AF06200DB3034 /* close.png */,
				18BF11872459E8CC00B239DF /* arrowLeft.png */,
				18BF117E2459D87B00B239DF /* arrowDown.png */,
				18BF117D2459D87B00B239DF /* arrowUp.png */,
				18BF11262459882D00B239DF /* bg.jpg */,
				18BF11282459892800B239DF /* logo.png */,
			);
			path = Images;
			sourceTree = "<group>";
		};
		18BF113B245998D300B239DF /* Constants */ = {
			isa = PBXGroup;
			children = (
				18BF113C245998DD00B239DF /* MyURLs.swift */,
				18BF11852459E42500B239DF /* Storyboards.swift */,
			);
			path = Constants;
			sourceTree = "<group>";
		};
		18BF11422459A3EF00B239DF /* Views */ = {
			isa = PBXGroup;
			children = (
				184F6810245B257000DB3034 /* Episodes */,
				184F680F245B256000DB3034 /* Favorites */,
				18BF11432459A3F700B239DF /* Chatacters */,
			);
			path = Views;
			sourceTree = "<group>";
		};
		18BF11432459A3F700B239DF /* Chatacters */ = {
			isa = PBXGroup;
			children = (
				18BF11442459A41500B239DF /* Character.xib */,
				18BF11812459E17600B239DF /* LogoView.xib */,
			);
			path = Chatacters;
			sourceTree = "<group>";
		};
		18BF11462459A61D00B239DF /* Fonts */ = {
			isa = PBXGroup;
			children = (
				18BF114C2459A6FD00B239DF /* Montserrat-Black.ttf */,
				18BF11582459A70000B239DF /* Montserrat-BlackItalic.ttf */,
				18BF114E2459A6FE00B239DF /* Montserrat-Bold.ttf */,
				18BF11572459A70000B239DF /* Montserrat-BoldItalic.ttf */,
				18BF11482459A6FD00B239DF /* Montserrat-ExtraBold.ttf */,
				18BF11502459A6FE00B239DF /* Montserrat-ExtraBoldItalic.ttf */,
				18BF114F2459A6FE00B239DF /* Montserrat-ExtraLight.ttf */,
				18BF114B2459A6FD00B239DF /* Montserrat-ExtraLightItalic.ttf */,
				18BF11552459A70000B239DF /* Montserrat-Italic.ttf */,
				18BF11472459A6FC00B239DF /* Montserrat-Light.ttf */,
				18BF11542459A70000B239DF /* Montserrat-LightItalic.ttf */,
				18BF11532459A6FF00B239DF /* Montserrat-Medium.ttf */,
				18BF11562459A70000B239DF /* Montserrat-MediumItalic.ttf */,
				18BF11492459A6FD00B239DF /* Montserrat-Regular.ttf */,
				18BF114D2459A6FE00B239DF /* Montserrat-SemiBold.ttf */,
				18BF11512459A6FF00B239DF /* Montserrat-SemiBoldItalic.ttf */,
				18BF114A2459A6FD00B239DF /* Montserrat-Thin.ttf */,
				18BF11522459A6FF00B239DF /* Montserrat-ThinItalic.ttf */,
			);
			path = Fonts;
			sourceTree = "<group>";
		};
		18BF116B2459AE4A00B239DF /* Scenarios */ = {
			isa = PBXGroup;
			children = (
				184F67F7245ACD1100DB3034 /* Favorites */,
				18BF11782459D09800B239DF /* Episodes */,
				18BF116C2459AE5A00B239DF /* Characters */,
			);
			path = Scenarios;
			sourceTree = "<group>";
		};
		18BF116C2459AE5A00B239DF /* Characters */ = {
			isa = PBXGroup;
			children = (
				18BF1115245985F100B239DF /* ChatacterVC.swift */,
				18BF116D2459AE7100B239DF /* CharacterCell.swift */,
				18BF11722459B08900B239DF /* CharacterVM.swift */,
			);
			path = Characters;
			sourceTree = "<group>";
		};
		18BF116F2459AF8300B239DF /* Helpers */ = {
			isa = PBXGroup;
			children = (
				18BF11702459AF9A00B239DF /* ImageDownloader.swift */,
				18BF11832459E23900B239DF /* LoadViewFromNib.swift */,
				184F6801245B01BB00DB3034 /* DatabaseHandler.swift */,
				184F6813245B2D2C00DB3034 /* EventsHelper.swift */,
				184F6815245C287500DB3034 /* ScrollViewExtension.swift */,
			);
			path = Helpers;
			sourceTree = "<group>";
		};
		18BF11782459D09800B239DF /* Episodes */ = {
			isa = PBXGroup;
			children = (
				18BF11792459D0AD00B239DF /* EpisodeVC.swift */,
				18BF117B2459D46300B239DF /* EpisodeCell.swift */,
			);
			path = Episodes;
			sourceTree = "<group>";
		};
		C547628F6B331B0175E05CAD /* Pods */ = {
			isa = PBXGroup;
			children = (
				0A9CA68EFF5A232D74CF0009 /* Pods-AwJeez!.debug.xcconfig */,
				D310C6176E3360E918E4AF94 /* Pods-AwJeez!.release.xcconfig */,
			);
			path = Pods;
			sourceTree = "<group>";
		};
		C68C76A0B31C9B6677F20621 /* Frameworks */ = {
			isa = PBXGroup;
			children = (
				0788030C90E88AF85E88F32D /* Pods_AwJeez_.framework */,
			);
			name = Frameworks;
			sourceTree = "<group>";
		};
/* End PBXGroup section */

/* Begin PBXNativeTarget section */
		18BF110D245985F100B239DF /* AwJeez! */ = {
			isa = PBXNativeTarget;
			buildConfigurationList = 18BF1122245985F300B239DF /* Build configuration list for PBXNativeTarget "AwJeez!" */;
			buildPhases = (
				AEE8FABBA5E6FAD2001B9734 /* [CP] Check Pods Manifest.lock */,
				18BF110A245985F100B239DF /* Sources */,
				18BF110B245985F100B239DF /* Frameworks */,
				18BF110C245985F100B239DF /* Resources */,
				39F2073BD9F82C7C3E7A0205 /* [CP] Embed Pods Frameworks */,
			);
			buildRules = (
			);
			dependencies = (
			);
			name = "AwJeez!";
			productName = "AwJeez!";
			productReference = 18BF110E245985F100B239DF /* AwJeez!.app */;
			productType = "com.apple.product-type.application";
		};
/* End PBXNativeTarget section */

/* Begin PBXProject section */
		18BF1106245985F100B239DF /* Project object */ = {
			isa = PBXProject;
			attributes = {
				LastSwiftUpdateCheck = 1140;
				LastUpgradeCheck = 1140;
				ORGANIZATIONNAME = Farbod;
				TargetAttributes = {
					18BF110D245985F100B239DF = {
						CreatedOnToolsVersion = 11.4;
					};
				};
			};
			buildConfigurationList = 18BF1109245985F100B239DF /* Build configuration list for PBXProject "AwJeez!" */;
			compatibilityVersion = "Xcode 9.3";
			developmentRegion = en;
			hasScannedForEncodings = 0;
			knownRegions = (
				en,
				Base,
			);
			mainGroup = 18BF1105245985F100B239DF;
			productRefGroup = 18BF110F245985F100B239DF /* Products */;
			projectDirPath = "";
			projectRoot = "";
			targets = (
				18BF110D245985F100B239DF /* AwJeez! */,
			);
		};
/* End PBXProject section */

/* Begin PBXResourcesBuildPhase section */
		18BF110C245985F100B239DF /* Resources */ = {
			isa = PBXResourcesBuildPhase;
			buildActionMask = 2147483647;
			files = (
				18BF11682459A70100B239DF /* Montserrat-MediumItalic.ttf in Resources */,
				18BF115C2459A70100B239DF /* Montserrat-Thin.ttf in Resources */,
				18BF11622459A70100B239DF /* Montserrat-ExtraBoldItalic.ttf in Resources */,
				184F6808245B0C4100DB3034 /* unlike.png in Resources */,
				18BF11692459A70100B239DF /* Montserrat-BoldItalic.ttf in Resources */,
				18BF115B2459A70100B239DF /* Montserrat-Regular.ttf in Resources */,
				18BF115F2459A70100B239DF /* Montserrat-SemiBold.ttf in Resources */,
				184F67FD245AF06200DB3034 /* close.png in Resources */,
				18BF115D2459A70100B239DF /* Montserrat-ExtraLightItalic.ttf in Resources */,
				18BF11612459A70100B239DF /* Montserrat-ExtraLight.ttf in Resources */,
				18BF11672459A70100B239DF /* Montserrat-Italic.ttf in Resources */,
				18BF11592459A70100B239DF /* Montserrat-Light.ttf in Resources */,
				18BF111E245985F300B239DF /* LaunchScreen.storyboard in Resources */,
				18BF11662459A70100B239DF /* Montserrat-LightItalic.ttf in Resources */,
				184F6812245B258200DB3034 /* EpisodeCell.xib in Resources */,
				18BF11602459A70100B239DF /* Montserrat-Bold.ttf in Resources */,
				18BF11652459A70100B239DF /* Montserrat-Medium.ttf in Resources */,
				18BF115E2459A70100B239DF /* Montserrat-Black.ttf in Resources */,
				18BF117F2459D87B00B239DF /* arrowUp.png in Resources */,
				18BF11292459892800B239DF /* logo.png in Resources */,
				18BF11272459882D00B239DF /* bg.jpg in Resources */,
				18BF11452459A41500B239DF /* Character.xib in Resources */,
				18BF115A2459A70100B239DF /* Montserrat-ExtraBold.ttf in Resources */,
				18BF11822459E17600B239DF /* LogoView.xib in Resources */,
				184F6818245C30C700DB3034 /* giphy.gif in Resources */,
				18BF11642459A70100B239DF /* Montserrat-ThinItalic.ttf in Resources */,
				18BF111B245985F300B239DF /* Assets.xcassets in Resources */,
				184F680C245B216D00DB3034 /* FavCell.xib in Resources */,
				18BF116A2459A70100B239DF /* Montserrat-BlackItalic.ttf in Resources */,
				18BF1119245985F100B239DF /* Main.storyboard in Resources */,
				184F6805245B064400DB3034 /* like.png in Resources */,
				18BF11632459A70100B239DF /* Montserrat-SemiBoldItalic.ttf in Resources */,
				18BF11882459E8CC00B239DF /* arrowLeft.png in Resources */,
				18BF11802459D87B00B239DF /* arrowDown.png in Resources */,
			);
			runOnlyForDeploymentPostprocessing = 0;
		};
/* End PBXResourcesBuildPhase section */

/* Begin PBXShellScriptBuildPhase section */
		39F2073BD9F82C7C3E7A0205 /* [CP] Embed Pods Frameworks */ = {
			isa = PBXShellScriptBuildPhase;
			buildActionMask = 2147483647;
			files = (
			);
			inputFileListPaths = (
				"${PODS_ROOT}/Target Support Files/Pods-AwJeez!/Pods-AwJeez!-frameworks-${CONFIGURATION}-input-files.xcfilelist",
			);
			name = "[CP] Embed Pods Frameworks";
			outputFileListPaths = (
				"${PODS_ROOT}/Target Support Files/Pods-AwJeez!/Pods-AwJeez!-frameworks-${CONFIGURATION}-output-files.xcfilelist",
			);
			runOnlyForDeploymentPostprocessing = 0;
			shellPath = /bin/sh;
			shellScript = "\"${PODS_ROOT}/Target Support Files/Pods-AwJeez!/Pods-AwJeez!-frameworks.sh\"\n";
			showEnvVarsInLog = 0;
		};
		AEE8FABBA5E6FAD2001B9734 /* [CP] Check Pods Manifest.lock */ = {
			isa = PBXShellScriptBuildPhase;
			buildActionMask = 2147483647;
			files = (
			);
			inputFileListPaths = (
			);
			inputPaths = (
				"${PODS_PODFILE_DIR_PATH}/Podfile.lock",
				"${PODS_ROOT}/Manifest.lock",
			);
			name = "[CP] Check Pods Manifest.lock";
			outputFileListPaths = (
			);
			outputPaths = (
				"$(DERIVED_FILE_DIR)/Pods-AwJeez!-checkManifestLockResult.txt",
			);
			runOnlyForDeploymentPostprocessing = 0;
			shellPath = /bin/sh;
			shellScript = "diff \"${PODS_PODFILE_DIR_PATH}/Podfile.lock\" \"${PODS_ROOT}/Manifest.lock\" > /dev/null\nif [ $? != 0 ] ; then\n    # print error to STDERR\n    echo \"error: The sandbox is not in sync with the Podfile.lock. Run 'pod install' or update your CocoaPods installation.\" >&2\n    exit 1\nfi\n# This output is used by Xcode 'outputs' to avoid re-running this script phase.\necho \"SUCCESS\" > \"${SCRIPT_OUTPUT_FILE_0}\"\n";
			showEnvVarsInLog = 0;
		};
/* End PBXShellScriptBuildPhase section */

/* Begin PBXSourcesBuildPhase section */
		18BF110A245985F100B239DF /* Sources */ = {
			isa = PBXSourcesBuildPhase;
			buildActionMask = 2147483647;
			files = (
				184F67FB245ACD9C00DB3034 /* FavoritesVC.swift in Sources */,
				18BF1116245985F100B239DF /* ChatacterVC.swift in Sources */,
				18BF112C245989F100B239DF /* JCharacter.swift in Sources */,
				184F6802245B01BB00DB3034 /* DatabaseHandler.swift in Sources */,
				18BF11712459AF9A00B239DF /* ImageDownloader.swift in Sources */,
				18BF1112245985F100B239DF /* AppDelegate.swift in Sources */,
				18BF11732459B08900B239DF /* CharacterVM.swift in Sources */,
				184F6816245C287500DB3034 /* ScrollViewExtension.swift in Sources */,
				18BF116E2459AE7100B239DF /* CharacterCell.swift in Sources */,
				18BF117A2459D0AD00B239DF /* EpisodeVC.swift in Sources */,
				184F680E245B227100DB3034 /* FavCell.swift in Sources */,
				18BF1114245985F100B239DF /* SceneDelegate.swift in Sources */,
				18BF112E24598C3700B239DF /* JOrigin.swift in Sources */,
				184F6800245AFC6A00DB3034 /* RFavCharacter.swift in Sources */,
				18BF11392459974900B239DF /* JLocation.swift in Sources */,
				18BF113724598FC100B239DF /* JResponse.swift in Sources */,
				184F680A245B1ADE00DB3034 /* FavoritesVM.swift in Sources */,
				18BF11772459CCD900B239DF /* EpisodeWebService.swift in Sources */,
				18BF11412459A06500B239DF /* JResCharacter.swift in Sources */,
				18BF11752459CBCD00B239DF /* JEpisode.swift in Sources */,
				18BF113D245998DD00B239DF /* MyURLs.swift in Sources */,
				18BF113524598F7400B239DF /* WebServices.swift in Sources */,
				18BF11862459E42500B239DF /* Storyboards.swift in Sources */,
				18BF11842459E23900B239DF /* LoadViewFromNib.swift in Sources */,
				184F6814245B2D2C00DB3034 /* EventsHelper.swift in Sources */,
				18BF113324598EB200B239DF /* CharacterWebService.swift in Sources */,
				184F67F9245ACD3300DB3034 /* TopTabBarVC.swift in Sources */,
				18BF117C2459D46300B239DF /* EpisodeCell.swift in Sources */,
			);
			runOnlyForDeploymentPostprocessing = 0;
		};
/* End PBXSourcesBuildPhase section */

/* Begin PBXVariantGroup section */
		18BF1117245985F100B239DF /* Main.storyboard */ = {
			isa = PBXVariantGroup;
			children = (
				18BF1118245985F100B239DF /* Base */,
			);
			name = Main.storyboard;
			sourceTree = "<group>";
		};
		18BF111C245985F300B239DF /* LaunchScreen.storyboard */ = {
			isa = PBXVariantGroup;
			children = (
				18BF111D245985F300B239DF /* Base */,
			);
			name = LaunchScreen.storyboard;
			sourceTree = "<group>";
		};
/* End PBXVariantGroup section */

/* Begin XCBuildConfiguration section */
		18BF1120245985F300B239DF /* Debug */ = {
			isa = XCBuildConfiguration;
			buildSettings = {
				ALWAYS_SEARCH_USER_PATHS = NO;
				CLANG_ANALYZER_NONNULL = YES;
				CLANG_ANALYZER_NUMBER_OBJECT_CONVERSION = YES_AGGRESSIVE;
				CLANG_CXX_LANGUAGE_STANDARD = "gnu++14";
				CLANG_CXX_LIBRARY = "libc++";
				CLANG_ENABLE_MODULES = YES;
				CLANG_ENABLE_OBJC_ARC = YES;
				CLANG_ENABLE_OBJC_WEAK = YES;
				CLANG_WARN_BLOCK_CAPTURE_AUTORELEASING = YES;
				CLANG_WARN_BOOL_CONVERSION = YES;
				CLANG_WARN_COMMA = YES;
				CLANG_WARN_CONSTANT_CONVERSION = YES;
				CLANG_WARN_DEPRECATED_OBJC_IMPLEMENTATIONS = YES;
				CLANG_WARN_DIRECT_OBJC_ISA_USAGE = YES_ERROR;
				CLANG_WARN_DOCUMENTATION_COMMENTS = YES;
				CLANG_WARN_EMPTY_BODY = YES;
				CLANG_WARN_ENUM_CONVERSION = YES;
				CLANG_WARN_INFINITE_RECURSION = YES;
				CLANG_WARN_INT_CONVERSION = YES;
				CLANG_WARN_NON_LITERAL_NULL_CONVERSION = YES;
				CLANG_WARN_OBJC_IMPLICIT_RETAIN_SELF = YES;
				CLANG_WARN_OBJC_LITERAL_CONVERSION = YES;
				CLANG_WARN_OBJC_ROOT_CLASS = YES_ERROR;
				CLANG_WARN_RANGE_LOOP_ANALYSIS = YES;
				CLANG_WARN_STRICT_PROTOTYPES = YES;
				CLANG_WARN_SUSPICIOUS_MOVE = YES;
				CLANG_WARN_UNGUARDED_AVAILABILITY = YES_AGGRESSIVE;
				CLANG_WARN_UNREACHABLE_CODE = YES;
				CLANG_WARN__DUPLICATE_METHOD_MATCH = YES;
				COPY_PHASE_STRIP = NO;
				DEBUG_INFORMATION_FORMAT = dwarf;
				ENABLE_STRICT_OBJC_MSGSEND = YES;
				ENABLE_TESTABILITY = YES;
				GCC_C_LANGUAGE_STANDARD = gnu11;
				GCC_DYNAMIC_NO_PIC = NO;
				GCC_NO_COMMON_BLOCKS = YES;
				GCC_OPTIMIZATION_LEVEL = 0;
				GCC_PREPROCESSOR_DEFINITIONS = (
					"DEBUG=1",
					"$(inherited)",
				);
				GCC_WARN_64_TO_32_BIT_CONVERSION = YES;
				GCC_WARN_ABOUT_RETURN_TYPE = YES_ERROR;
				GCC_WARN_UNDECLARED_SELECTOR = YES;
				GCC_WARN_UNINITIALIZED_AUTOS = YES_AGGRESSIVE;
				GCC_WARN_UNUSED_FUNCTION = YES;
				GCC_WARN_UNUSED_VARIABLE = YES;
				IPHONEOS_DEPLOYMENT_TARGET = 13.4;
				MTL_ENABLE_DEBUG_INFO = INCLUDE_SOURCE;
				MTL_FAST_MATH = YES;
				ONLY_ACTIVE_ARCH = YES;
				SDKROOT = iphoneos;
				SWIFT_ACTIVE_COMPILATION_CONDITIONS = DEBUG;
				SWIFT_OPTIMIZATION_LEVEL = "-Onone";
			};
			name = Debug;
		};
		18BF1121245985F300B239DF /* Release */ = {
			isa = XCBuildConfiguration;
			buildSettings = {
				ALWAYS_SEARCH_USER_PATHS = NO;
				CLANG_ANALYZER_NONNULL = YES;
				CLANG_ANALYZER_NUMBER_OBJECT_CONVERSION = YES_AGGRESSIVE;
				CLANG_CXX_LANGUAGE_STANDARD = "gnu++14";
				CLANG_CXX_LIBRARY = "libc++";
				CLANG_ENABLE_MODULES = YES;
				CLANG_ENABLE_OBJC_ARC = YES;
				CLANG_ENABLE_OBJC_WEAK = YES;
				CLANG_WARN_BLOCK_CAPTURE_AUTORELEASING = YES;
				CLANG_WARN_BOOL_CONVERSION = YES;
				CLANG_WARN_COMMA = YES;
				CLANG_WARN_CONSTANT_CONVERSION = YES;
				CLANG_WARN_DEPRECATED_OBJC_IMPLEMENTATIONS = YES;
				CLANG_WARN_DIRECT_OBJC_ISA_USAGE = YES_ERROR;
				CLANG_WARN_DOCUMENTATION_COMMENTS = YES;
				CLANG_WARN_EMPTY_BODY = YES;
				CLANG_WARN_ENUM_CONVERSION = YES;
				CLANG_WARN_INFINITE_RECURSION = YES;
				CLANG_WARN_INT_CONVERSION = YES;
				CLANG_WARN_NON_LITERAL_NULL_CONVERSION = YES;
				CLANG_WARN_OBJC_IMPLICIT_RETAIN_SELF = YES;
				CLANG_WARN_OBJC_LITERAL_CONVERSION = YES;
				CLANG_WARN_OBJC_ROOT_CLASS = YES_ERROR;
				CLANG_WARN_RANGE_LOOP_ANALYSIS = YES;
				CLANG_WARN_STRICT_PROTOTYPES = YES;
				CLANG_WARN_SUSPICIOUS_MOVE = YES;
				CLANG_WARN_UNGUARDED_AVAILABILITY = YES_AGGRESSIVE;
				CLANG_WARN_UNREACHABLE_CODE = YES;
				CLANG_WARN__DUPLICATE_METHOD_MATCH = YES;
				COPY_PHASE_STRIP = NO;
				DEBUG_INFORMATION_FORMAT = "dwarf-with-dsym";
				ENABLE_NS_ASSERTIONS = NO;
				ENABLE_STRICT_OBJC_MSGSEND = YES;
				GCC_C_LANGUAGE_STANDARD = gnu11;
				GCC_NO_COMMON_BLOCKS = YES;
				GCC_WARN_64_TO_32_BIT_CONVERSION = YES;
				GCC_WARN_ABOUT_RETURN_TYPE = YES_ERROR;
				GCC_WARN_UNDECLARED_SELECTOR = YES;
				GCC_WARN_UNINITIALIZED_AUTOS = YES_AGGRESSIVE;
				GCC_WARN_UNUSED_FUNCTION = YES;
				GCC_WARN_UNUSED_VARIABLE = YES;
				IPHONEOS_DEPLOYMENT_TARGET = 13.4;
				MTL_ENABLE_DEBUG_INFO = NO;
				MTL_FAST_MATH = YES;
				SDKROOT = iphoneos;
				SWIFT_COMPILATION_MODE = wholemodule;
				SWIFT_OPTIMIZATION_LEVEL = "-O";
				VALIDATE_PRODUCT = YES;
			};
			name = Release;
		};
		18BF1123245985F300B239DF /* Debug */ = {
			isa = XCBuildConfiguration;
			baseConfigurationReference = 0A9CA68EFF5A232D74CF0009 /* Pods-AwJeez!.debug.xcconfig */;
			buildSettings = {
				ASSETCATALOG_COMPILER_APPICON_NAME = AppIcon;
				CODE_SIGN_STYLE = Automatic;
				DEVELOPMENT_TEAM = A5X8ZJ4SML;
				INFOPLIST_FILE = "AwJeez!/Info.plist";
				LD_RUNPATH_SEARCH_PATHS = (
					"$(inherited)",
					"@executable_path/Frameworks",
				);
				PRODUCT_BUNDLE_IDENTIFIER = "Farbod.AwJeez-";
				PRODUCT_NAME = "$(TARGET_NAME)";
				SWIFT_VERSION = 5.0;
				TARGETED_DEVICE_FAMILY = "1,2";
			};
			name = Debug;
		};
		18BF1124245985F300B239DF /* Release */ = {
			isa = XCBuildConfiguration;
			baseConfigurationReference = D310C6176E3360E918E4AF94 /* Pods-AwJeez!.release.xcconfig */;
			buildSettings = {
				ASSETCATALOG_COMPILER_APPICON_NAME = AppIcon;
				CODE_SIGN_STYLE = Automatic;
				DEVELOPMENT_TEAM = A5X8ZJ4SML;
				INFOPLIST_FILE = "AwJeez!/Info.plist";
				LD_RUNPATH_SEARCH_PATHS = (
					"$(inherited)",
					"@executable_path/Frameworks",
				);
				PRODUCT_BUNDLE_IDENTIFIER = "Farbod.AwJeez-";
				PRODUCT_NAME = "$(TARGET_NAME)";
				SWIFT_VERSION = 5.0;
				TARGETED_DEVICE_FAMILY = "1,2";
			};
			name = Release;
		};
/* End XCBuildConfiguration section */

/* Begin XCConfigurationList section */
		18BF1109245985F100B239DF /* Build configuration list for PBXProject "AwJeez!" */ = {
			isa = XCConfigurationList;
			buildConfigurations = (
				18BF1120245985F300B239DF /* Debug */,
				18BF1121245985F300B239DF /* Release */,
			);
			defaultConfigurationIsVisible = 0;
			defaultConfigurationName = Release;
		};
		18BF1122245985F300B239DF /* Build configuration list for PBXNativeTarget "AwJeez!" */ = {
			isa = XCConfigurationList;
			buildConfigurations = (
				18BF1123245985F300B239DF /* Debug */,
				18BF1124245985F300B239DF /* Release */,
			);
			defaultConfigurationIsVisible = 0;
			defaultConfigurationName = Release;
		};
/* End XCConfigurationList section */
	};
	rootObject = 18BF1106245985F100B239DF /* Project object */;
}
